
Microsoft Visual Studio Solution File, Format Version 12.00
# Visual Studio Version 17
VisualStudioVersion = 17.3.32804.467
MinimumVisualStudioVersion = 10.0.40219.1
Project("{9A19103F-16F7-4668-BE54-9A1E7A4F7556}") = "MVC-Intro-Demo", "MVC-Intro-Demo\MVC-Intro-Demo.csproj", "{C2E7D549-3355-490C-ABA5-C2513810BD63}"
EndProject
Global
	GlobalSection(SolutionConfigurationPlatforms) = preSolution
		Debug|Any CPU = Debug|Any CPU
		Release|Any CPU = Release|Any CPU
	EndGlobalSection
	GlobalSection(ProjectConfigurationPlatforms) = postSolution
		{C2E7D549-3355-490C-ABA5-C2513810BD63}.Debug|Any CPU.ActiveCfg = Debug|Any CPU
		{C2E7D549-3355-490C-ABA5-C2513810BD63}.Debug|Any CPU.Build.0 = Debug|Any CPU
		{C2E7D549-3355-490C-ABA5-C2513810BD63}.Release|Any CPU.ActiveCfg = Release|Any CPU
		{C2E7D549-3355-490C-ABA5-C2513810BD63}.Release|Any CPU.Build.0 = Release|Any CPU
	EndGlobalSection
	GlobalSection(SolutionProperties) = preSolution
		HideSolutionNode = FALSE
	EndGlobalSection
	GlobalSection(ExtensibilityGlobals) = postSolution
		SolutionGuid = {883F27F9-E7ED-41ED-9FCD-E473DD54792D}
	EndGlobalSection
EndGlobal
