
Microsoft Visual Studio Solution File, Format Version 12.00
# Visual Studio Version 16
VisualStudioVersion = 16.0.32413.511
MinimumVisualStudioVersion = 10.0.40219.1
Project("{9A19103F-16F7-4668-BE54-9A1E7A4F7556}") = "P01_HarvestingFields", "P01_HarvestingFields.csproj", "{8BF3BE41-3DE0-4B9D-B601-0C326D6EF3D5}"
EndProject
Global
	GlobalSection(SolutionConfigurationPlatforms) = preSolution
		Debug|Any CPU = Debug|Any CPU
		Release|Any CPU = Release|Any CPU
	EndGlobalSection
	GlobalSection(ProjectConfigurationPlatforms) = postSolution
		{8BF3BE41-3DE0-4B9D-B601-0C326D6EF3D5}.Debug|Any CPU.ActiveCfg = Debug|Any CPU
		{8BF3BE41-3DE0-4B9D-B601-0C326D6EF3D5}.Debug|Any CPU.Build.0 = Debug|Any CPU
		{8BF3BE41-3DE0-4B9D-B601-0C326D6EF3D5}.Release|Any CPU.ActiveCfg = Release|Any CPU
		{8BF3BE41-3DE0-4B9D-B601-0C326D6EF3D5}.Release|Any CPU.Build.0 = Release|Any CPU
	EndGlobalSection
	GlobalSection(SolutionProperties) = preSolution
		HideSolutionNode = FALSE
	EndGlobalSection
	GlobalSection(ExtensibilityGlobals) = postSolution
		SolutionGuid = {F0DF7A89-DE8D-4DDA-9372-F051BF5955B9}
	EndGlobalSection
EndGlobal
