
Microsoft Visual Studio Solution File, Format Version 12.00
# Visual Studio Version 16
VisualStudioVersion = 16.0.32413.511
MinimumVisualStudioVersion = 10.0.40219.1
Project("{9A19103F-16F7-4668-BE54-9A1E7A4F7556}") = "P02_BlackBoxInteger", "P02_BlackBoxInteger.csproj", "{7B6D1837-E51B-4BF3-BCBC-C80C84E3F5D1}"
EndProject
Global
	GlobalSection(SolutionConfigurationPlatforms) = preSolution
		Debug|Any CPU = Debug|Any CPU
		Release|Any CPU = Release|Any CPU
	EndGlobalSection
	GlobalSection(ProjectConfigurationPlatforms) = postSolution
		{7B6D1837-E51B-4BF3-BCBC-C80C84E3F5D1}.Debug|Any CPU.ActiveCfg = Debug|Any CPU
		{7B6D1837-E51B-4BF3-BCBC-C80C84E3F5D1}.Debug|Any CPU.Build.0 = Debug|Any CPU
		{7B6D1837-E51B-4BF3-BCBC-C80C84E3F5D1}.Release|Any CPU.ActiveCfg = Release|Any CPU
		{7B6D1837-E51B-4BF3-BCBC-C80C84E3F5D1}.Release|Any CPU.Build.0 = Release|Any CPU
	EndGlobalSection
	GlobalSection(SolutionProperties) = preSolution
		HideSolutionNode = FALSE
	EndGlobalSection
	GlobalSection(ExtensibilityGlobals) = postSolution
		SolutionGuid = {36BF9321-DADB-4F97-BC23-E93B5DAB10A3}
	EndGlobalSection
EndGlobal
