
Microsoft Visual Studio Solution File, Format Version 12.00
# Visual Studio Version 16
VisualStudioVersion = 16.0.32413.511
MinimumVisualStudioVersion = 10.0.40219.1
Project("{9A19103F-16F7-4668-BE54-9A1E7A4F7556}") = "P05_BarraksWars", "P05_BarraksWars.csproj", "{127696AB-B6B7-4436-964A-761DBB9F9606}"
EndProject
Global
	GlobalSection(SolutionConfigurationPlatforms) = preSolution
		Debug|Any CPU = Debug|Any CPU
		Release|Any CPU = Release|Any CPU
	EndGlobalSection
	GlobalSection(ProjectConfigurationPlatforms) = postSolution
		{127696AB-B6B7-4436-964A-761DBB9F9606}.Debug|Any CPU.ActiveCfg = Debug|Any CPU
		{127696AB-B6B7-4436-964A-761DBB9F9606}.Debug|Any CPU.Build.0 = Debug|Any CPU
		{127696AB-B6B7-4436-964A-761DBB9F9606}.Release|Any CPU.ActiveCfg = Release|Any CPU
		{127696AB-B6B7-4436-964A-761DBB9F9606}.Release|Any CPU.Build.0 = Release|Any CPU
	EndGlobalSection
	GlobalSection(SolutionProperties) = preSolution
		HideSolutionNode = FALSE
	EndGlobalSection
	GlobalSection(ExtensibilityGlobals) = postSolution
		SolutionGuid = {3AEEF35D-9950-45D0-B625-580C768BF602}
	EndGlobalSection
EndGlobal
